// !$*UTF8*$!
{
	archiveVersion = 1;
	classes = {
	};
	objectVersion = 46;
	objects = {

/* Begin PBXBuildFile section */
		A912E08B1CE1FCE8009125D2 /* WCLDetailViewController.m in Sources */ = {isa = PBXBuildFile; fileRef = A912E08A1CE1FCE8009125D2 /* WCLDetailViewController.m */; };
		A913F66C1CE0A6BD007334D8 /* HeaderView.xib in Resources */ = {isa = PBXBuildFile; fileRef = A913F66B1CE0A6BD007334D8 /* HeaderView.xib */; };
		A9234A191CDD9376008C163B /* main.m in Sources */ = {isa = PBXBuildFile; fileRef = A9234A181CDD9376008C163B /* main.m */; };
		A9234A1C1CDD9376008C163B /* AppDelegate.m in Sources */ = {isa = PBXBuildFile; fileRef = A9234A1B1CDD9376008C163B /* AppDelegate.m */; };
		A9234A221CDD9376008C163B /* Main.storyboard in Resources */ = {isa = PBXBuildFile; fileRef = A9234A201CDD9376008C163B /* Main.storyboard */; };
		A9234A251CDD9376008C163B /* Treasure.xcdatamodeld in Sources */ = {isa = PBXBuildFile; fileRef = A9234A231CDD9376008C163B /* Treasure.xcdatamodeld */; };
		A9234A271CDD9376008C163B /* Assets.xcassets in Resources */ = {isa = PBXBuildFile; fileRef = A9234A261CDD9376008C163B /* Assets.xcassets */; };
		A9234A2A1CDD9376008C163B /* LaunchScreen.storyboard in Resources */ = {isa = PBXBuildFile; fileRef = A9234A281CDD9376008C163B /* LaunchScreen.storyboard */; };
		A9234A331CDD9618008C163B /* WCLItem.m in Sources */ = {isa = PBXBuildFile; fileRef = A9234A321CDD9618008C163B /* WCLItem.m */; };
		A9234A361CDDA066008C163B /* WCLItemsViewController.m in Sources */ = {isa = PBXBuildFile; fileRef = A9234A351CDDA066008C163B /* WCLItemsViewController.m */; };
		A9234A391CDDA0CC008C163B /* WCLItemStore.m in Sources */ = {isa = PBXBuildFile; fileRef = A9234A381CDDA0CC008C163B /* WCLItemStore.m */; };
		A96058DE1CE582D300E9C8B1 /* WCLImageStore.m in Sources */ = {isa = PBXBuildFile; fileRef = A96058DD1CE582D300E9C8B1 /* WCLImageStore.m */; };
		A9EF86001CE7452300657B09 /* WCLItemCell.m in Sources */ = {isa = PBXBuildFile; fileRef = A9EF85FF1CE7452300657B09 /* WCLItemCell.m */; };
		A9EF86021CE7456900657B09 /* WCLItemCell.xib in Resources */ = {isa = PBXBuildFile; fileRef = A9EF86011CE7456900657B09 /* WCLItemCell.xib */; };
/* End PBXBuildFile section */

/* Begin PBXFileReference section */
		A912E0891CE1FCE8009125D2 /* WCLDetailViewController.h */ = {isa = PBXFileReference; fileEncoding = 4; lastKnownFileType = sourcecode.c.h; path = WCLDetailViewController.h; sourceTree = "<group>"; };
		A912E08A1CE1FCE8009125D2 /* WCLDetailViewController.m */ = {isa = PBXFileReference; fileEncoding = 4; lastKnownFileType = sourcecode.c.objc; path = WCLDetailViewController.m; sourceTree = "<group>"; };
		A913F66B1CE0A6BD007334D8 /* HeaderView.xib */ = {isa = PBXFileReference; fileEncoding = 4; lastKnownFileType = file.xib; path = HeaderView.xib; sourceTree = "<group>"; };
		A9234A141CDD9376008C163B /* Treasure.app */ = {isa = PBXFileReference; explicitFileType = wrapper.application; includeInIndex = 0; path = Treasure.app; sourceTree = BUILT_PRODUCTS_DIR; };
		A9234A181CDD9376008C163B /* main.m */ = {isa = PBXFileReference; lastKnownFileType = sourcecode.c.objc; path = main.m; sourceTree = "<group>"; };
		A9234A1A1CDD9376008C163B /* AppDelegate.h */ = {isa = PBXFileReference; lastKnownFileType = sourcecode.c.h; path = AppDelegate.h; sourceTree = "<group>"; };
		A9234A1B1CDD9376008C163B /* AppDelegate.m */ = {isa = PBXFileReference; lastKnownFileType = sourcecode.c.objc; path = AppDelegate.m; sourceTree = "<group>"; };
		A9234A211CDD9376008C163B /* Base */ = {isa = PBXFileReference; lastKnownFileType = file.storyboard; name = Base; path = Base.lproj/Main.storyboard; sourceTree = "<group>"; };
		A9234A241CDD9376008C163B /* Treasure.xcdatamodel */ = {isa = PBXFileReference; lastKnownFileType = wrapper.xcdatamodel; path = Treasure.xcdatamodel; sourceTree = "<group>"; };
		A9234A261CDD9376008C163B /* Assets.xcassets */ = {isa = PBXFileReference; lastKnownFileType = folder.assetcatalog; path = Assets.xcassets; sourceTree = "<group>"; };
		A9234A291CDD9376008C163B /* Base */ = {isa = PBXFileReference; lastKnownFileType = file.storyboard; name = Base; path = Base.lproj/LaunchScreen.storyboard; sourceTree = "<group>"; };
		A9234A2B1CDD9376008C163B /* Info.plist */ = {isa = PBXFileReference; lastKnownFileType = text.plist.xml; path = Info.plist; sourceTree = "<group>"; };
		A9234A311CDD9618008C163B /* WCLItem.h */ = {isa = PBXFileReference; fileEncoding = 4; lastKnownFileType = sourcecode.c.h; path = WCLItem.h; sourceTree = "<group>"; };
		A9234A321CDD9618008C163B /* WCLItem.m */ = {isa = PBXFileReference; fileEncoding = 4; lastKnownFileType = sourcecode.c.objc; path = WCLItem.m; sourceTree = "<group>"; };
		A9234A341CDDA066008C163B /* WCLItemsViewController.h */ = {isa = PBXFileReference; fileEncoding = 4; lastKnownFileType = sourcecode.c.h; path = WCLItemsViewController.h; sourceTree = "<group>"; };
		A9234A351CDDA066008C163B /* WCLItemsViewController.m */ = {isa = PBXFileReference; fileEncoding = 4; lastKnownFileType = sourcecode.c.objc; path = WCLItemsViewController.m; sourceTree = "<group>"; };
		A9234A371CDDA0CC008C163B /* WCLItemStore.h */ = {isa = PBXFileReference; fileEncoding = 4; lastKnownFileType = sourcecode.c.h; path = WCLItemStore.h; sourceTree = "<group>"; };
		A9234A381CDDA0CC008C163B /* WCLItemStore.m */ = {isa = PBXFileReference; fileEncoding = 4; lastKnownFileType = sourcecode.c.objc; path = WCLItemStore.m; sourceTree = "<group>"; };
		A96058DC1CE582D300E9C8B1 /* WCLImageStore.h */ = {isa = PBXFileReference; fileEncoding = 4; lastKnownFileType = sourcecode.c.h; path = WCLImageStore.h; sourceTree = "<group>"; };
		A96058DD1CE582D300E9C8B1 /* WCLImageStore.m */ = {isa = PBXFileReference; fileEncoding = 4; lastKnownFileType = sourcecode.c.objc; path = WCLImageStore.m; sourceTree = "<group>"; };
		A9EF85FE1CE7452300657B09 /* WCLItemCell.h */ = {isa = PBXFileReference; fileEncoding = 4; lastKnownFileType = sourcecode.c.h; path = WCLItemCell.h; sourceTree = "<group>"; };
		A9EF85FF1CE7452300657B09 /* WCLItemCell.m */ = {isa = PBXFileReference; fileEncoding = 4; lastKnownFileType = sourcecode.c.objc; path = WCLItemCell.m; sourceTree = "<group>"; };
		A9EF86011CE7456900657B09 /* WCLItemCell.xib */ = {isa = PBXFileReference; fileEncoding = 4; lastKnownFileType = file.xib; path = WCLItemCell.xib; sourceTree = "<group>"; };
/* End PBXFileReference section */

/* Begin PBXFrameworksBuildPhase section */
		A9234A111CDD9376008C163B /* Frameworks */ = {
			isa = PBXFrameworksBuildPhase;
			buildActionMask = 2147483647;
			files = (
			);
			runOnlyForDeploymentPostprocessing = 0;
		};
/* End PBXFrameworksBuildPhase section */

/* Begin PBXGroup section */
		A9234A0B1CDD9376008C163B = {
			isa = PBXGroup;
			children = (
				A9234A161CDD9376008C163B /* Treasure */,
				A9234A151CDD9376008C163B /* Products */,
			);
			sourceTree = "<group>";
		};
		A9234A151CDD9376008C163B /* Products */ = {
			isa = PBXGroup;
			children = (
				A9234A141CDD9376008C163B /* Treasure.app */,
			);
			name = Products;
			sourceTree = "<group>";
		};
		A9234A161CDD9376008C163B /* Treasure */ = {
			isa = PBXGroup;
			children = (
				A9234A1A1CDD9376008C163B /* AppDelegate.h */,
				A9234A1B1CDD9376008C163B /* AppDelegate.m */,
				A9234A311CDD9618008C163B /* WCLItem.h */,
				A9234A321CDD9618008C163B /* WCLItem.m */,
				A9234A371CDDA0CC008C163B /* WCLItemStore.h */,
				A9234A381CDDA0CC008C163B /* WCLItemStore.m */,
				A96058DC1CE582D300E9C8B1 /* WCLImageStore.h */,
				A96058DD1CE582D300E9C8B1 /* WCLImageStore.m */,
				A9234A341CDDA066008C163B /* WCLItemsViewController.h */,
				A9234A351CDDA066008C163B /* WCLItemsViewController.m */,
				A9EF85FE1CE7452300657B09 /* WCLItemCell.h */,
				A9EF85FF1CE7452300657B09 /* WCLItemCell.m */,
				A9EF86011CE7456900657B09 /* WCLItemCell.xib */,
				A912E0891CE1FCE8009125D2 /* WCLDetailViewController.h */,
				A912E08A1CE1FCE8009125D2 /* WCLDetailViewController.m */,
				A913F66B1CE0A6BD007334D8 /* HeaderView.xib */,
				A9234A201CDD9376008C163B /* Main.storyboard */,
				A9234A261CDD9376008C163B /* Assets.xcassets */,
				A9234A281CDD9376008C163B /* LaunchScreen.storyboard */,
				A9234A2B1CDD9376008C163B /* Info.plist */,
				A9234A231CDD9376008C163B /* Treasure.xcdatamodeld */,
				A9234A171CDD9376008C163B /* Supporting Files */,
			);
			path = Treasure;
			sourceTree = "<group>";
		};
		A9234A171CDD9376008C163B /* Supporting Files */ = {
			isa = PBXGroup;
			children = (
				A9234A181CDD9376008C163B /* main.m */,
			);
			name = "Supporting Files";
			sourceTree = "<group>";
		};
/* End PBXGroup section */

/* Begin PBXNativeTarget section */
		A9234A131CDD9376008C163B /* Treasure */ = {
			isa = PBXNativeTarget;
			buildConfigurationList = A9234A2E1CDD9376008C163B /* Build configuration list for PBXNativeTarget "Treasure" */;
			buildPhases = (
				A9234A101CDD9376008C163B /* Sources */,
				A9234A111CDD9376008C163B /* Frameworks */,
				A9234A121CDD9376008C163B /* Resources */,
			);
			buildRules = (
			);
			dependencies = (
			);
			name = Treasure;
			productName = Treasure;
			productReference = A9234A141CDD9376008C163B /* Treasure.app */;
			productType = "com.apple.product-type.application";
		};
/* End PBXNativeTarget section */

/* Begin PBXProject section */
		A9234A0C1CDD9376008C163B /* Project object */ = {
			isa = PBXProject;
			attributes = {
				LastUpgradeCheck = 0730;
				ORGANIZATIONNAME = Lv;
				TargetAttributes = {
					A9234A131CDD9376008C163B = {
						CreatedOnToolsVersion = 7.3;
					};
				};
			};
			buildConfigurationList = A9234A0F1CDD9376008C163B /* Build configuration list for PBXProject "Treasure" */;
			compatibilityVersion = "Xcode 3.2";
			developmentRegion = English;
			hasScannedForEncodings = 0;
			knownRegions = (
				en,
				Base,
			);
			mainGroup = A9234A0B1CDD9376008C163B;
			productRefGroup = A9234A151CDD9376008C163B /* Products */;
			projectDirPath = "";
			projectRoot = "";
			targets = (
				A9234A131CDD9376008C163B /* Treasure */,
			);
		};
/* End PBXProject section */

/* Begin PBXResourcesBuildPhase section */
		A9234A121CDD9376008C163B /* Resources */ = {
			isa = PBXResourcesBuildPhase;
			buildActionMask = 2147483647;
			files = (
				A9234A2A1CDD9376008C163B /* LaunchScreen.storyboard in Resources */,
				A9234A271CDD9376008C163B /* Assets.xcassets in Resources */,
				A9234A221CDD9376008C163B /* Main.storyboard in Resources */,
				A9EF86021CE7456900657B09 /* WCLItemCell.xib in Resources */,
				A913F66C1CE0A6BD007334D8 /* HeaderView.xib in Resources */,
			);
			runOnlyForDeploymentPostprocessing = 0;
		};
/* End PBXResourcesBuildPhase section */

/* Begin PBXSourcesBuildPhase section */
		A9234A101CDD9376008C163B /* Sources */ = {
			isa = PBXSourcesBuildPhase;
			buildActionMask = 2147483647;
			files = (
				A9EF86001CE7452300657B09 /* WCLItemCell.m in Sources */,
				A96058DE1CE582D300E9C8B1 /* WCLImageStore.m in Sources */,
				A9234A251CDD9376008C163B /* Treasure.xcdatamodeld in Sources */,
				A9234A391CDDA0CC008C163B /* WCLItemStore.m in Sources */,
				A9234A361CDDA066008C163B /* WCLItemsViewController.m in Sources */,
				A9234A331CDD9618008C163B /* WCLItem.m in Sources */,
				A912E08B1CE1FCE8009125D2 /* WCLDetailViewController.m in Sources */,
				A9234A1C1CDD9376008C163B /* AppDelegate.m in Sources */,
				A9234A191CDD9376008C163B /* main.m in Sources */,
			);
			runOnlyForDeploymentPostprocessing = 0;
		};
/* End PBXSourcesBuildPhase section */

/* Begin PBXVariantGroup section */
		A9234A201CDD9376008C163B /* Main.storyboard */ = {
			isa = PBXVariantGroup;
			children = (
				A9234A211CDD9376008C163B /* Base */,
			);
			name = Main.storyboard;
			sourceTree = "<group>";
		};
		A9234A281CDD9376008C163B /* LaunchScreen.storyboard */ = {
			isa = PBXVariantGroup;
			children = (
				A9234A291CDD9376008C163B /* Base */,
			);
			name = LaunchScreen.storyboard;
			sourceTree = "<group>";
		};
/* End PBXVariantGroup section */

/* Begin XCBuildConfiguration section */
		A9234A2C1CDD9376008C163B /* Debug */ = {
			isa = XCBuildConfiguration;
			buildSettings = {
				ALWAYS_SEARCH_USER_PATHS = NO;
				CLANG_ANALYZER_NONNULL = YES;
				CLANG_CXX_LANGUAGE_STANDARD = "gnu++0x";
				CLANG_CXX_LIBRARY = "libc++";
				CLANG_ENABLE_MODULES = YES;
				CLANG_ENABLE_OBJC_ARC = YES;
				CLANG_WARN_BOOL_CONVERSION = YES;
				CLANG_WARN_CONSTANT_CONVERSION = YES;
				CLANG_WARN_DIRECT_OBJC_ISA_USAGE = YES_ERROR;
				CLANG_WARN_EMPTY_BODY = YES;
				CLANG_WARN_ENUM_CONVERSION = YES;
				CLANG_WARN_INT_CONVERSION = YES;
				CLANG_WARN_OBJC_ROOT_CLASS = YES_ERROR;
				CLANG_WARN_UNREACHABLE_CODE = YES;
				CLANG_WARN__DUPLICATE_METHOD_MATCH = YES;
				"CODE_SIGN_IDENTITY[sdk=iphoneos*]" = "iPhone Developer";
				COPY_PHASE_STRIP = NO;
				DEBUG_INFORMATION_FORMAT = dwarf;
				ENABLE_STRICT_OBJC_MSGSEND = YES;
				ENABLE_TESTABILITY = YES;
				GCC_C_LANGUAGE_STANDARD = gnu99;
				GCC_DYNAMIC_NO_PIC = NO;
				GCC_NO_COMMON_BLOCKS = YES;
				GCC_OPTIMIZATION_LEVEL = 0;
				GCC_PREPROCESSOR_DEFINITIONS = (
					"DEBUG=1",
					"$(inherited)",
				);
				GCC_WARN_64_TO_32_BIT_CONVERSION = YES;
				GCC_WARN_ABOUT_RETURN_TYPE = YES_ERROR;
				GCC_WARN_UNDECLARED_SELECTOR = YES;
				GCC_WARN_UNINITIALIZED_AUTOS = YES_AGGRESSIVE;
				GCC_WARN_UNUSED_FUNCTION = YES;
				GCC_WARN_UNUSED_VARIABLE = YES;
				IPHONEOS_DEPLOYMENT_TARGET = 9.3;
				MTL_ENABLE_DEBUG_INFO = YES;
				ONLY_ACTIVE_ARCH = YES;
				SDKROOT = iphoneos;
			};
			name = Debug;
		};
		A9234A2D1CDD9376008C163B /* Release */ = {
			isa = XCBuildConfiguration;
			buildSettings = {
				ALWAYS_SEARCH_USER_PATHS = NO;
				CLANG_ANALYZER_NONNULL = YES;
				CLANG_CXX_LANGUAGE_STANDARD = "gnu++0x";
				CLANG_CXX_LIBRARY = "libc++";
				CLANG_ENABLE_MODULES = YES;
				CLANG_ENABLE_OBJC_ARC = YES;
				CLANG_WARN_BOOL_CONVERSION = YES;
				CLANG_WARN_CONSTANT_CONVERSION = YES;
				CLANG_WARN_DIRECT_OBJC_ISA_USAGE = YES_ERROR;
				CLANG_WARN_EMPTY_BODY = YES;
				CLANG_WARN_ENUM_CONVERSION = YES;
				CLANG_WARN_INT_CONVERSION = YES;
				CLANG_WARN_OBJC_ROOT_CLASS = YES_ERROR;
				CLANG_WARN_UNREACHABLE_CODE = YES;
				CLANG_WARN__DUPLICATE_METHOD_MATCH = YES;
				"CODE_SIGN_IDENTITY[sdk=iphoneos*]" = "iPhone Developer";
				COPY_PHASE_STRIP = NO;
				DEBUG_INFORMATION_FORMAT = "dwarf-with-dsym";
				ENABLE_NS_ASSERTIONS = NO;
				ENABLE_STRICT_OBJC_MSGSEND = YES;
				GCC_C_LANGUAGE_STANDARD = gnu99;
				GCC_NO_COMMON_BLOCKS = YES;
				GCC_WARN_64_TO_32_BIT_CONVERSION = YES;
				GCC_WARN_ABOUT_RETURN_TYPE = YES_ERROR;
				GCC_WARN_UNDECLARED_SELECTOR = YES;
				GCC_WARN_UNINITIALIZED_AUTOS = YES_AGGRESSIVE;
				GCC_WARN_UNUSED_FUNCTION = YES;
				GCC_WARN_UNUSED_VARIABLE = YES;
				IPHONEOS_DEPLOYMENT_TARGET = 9.3;
				MTL_ENABLE_DEBUG_INFO = NO;
				SDKROOT = iphoneos;
				VALIDATE_PRODUCT = YES;
			};
			name = Release;
		};
		A9234A2F1CDD9376008C163B /* Debug */ = {
			isa = XCBuildConfiguration;
			buildSettings = {
				ASSETCATALOG_COMPILER_APPICON_NAME = AppIcon;
				CODE_SIGN_IDENTITY = "iPhone Developer";
				INFOPLIST_FILE = Treasure/Info.plist;
				LD_RUNPATH_SEARCH_PATHS = "$(inherited) @executable_path/Frameworks";
				PRODUCT_BUNDLE_IDENTIFIER = com.wcl.Treasure;
				PRODUCT_NAME = "$(TARGET_NAME)";
				TARGETED_DEVICE_FAMILY = "1,2";
			};
			name = Debug;
		};
		A9234A301CDD9376008C163B /* Release */ = {
			isa = XCBuildConfiguration;
			buildSettings = {
				ASSETCATALOG_COMPILER_APPICON_NAME = AppIcon;
				CODE_SIGN_IDENTITY = "iPhone Developer";
				INFOPLIST_FILE = Treasure/Info.plist;
				LD_RUNPATH_SEARCH_PATHS = "$(inherited) @executable_path/Frameworks";
				PRODUCT_BUNDLE_IDENTIFIER = com.wcl.Treasure;
				PRODUCT_NAME = "$(TARGET_NAME)";
				TARGETED_DEVICE_FAMILY = "1,2";
			};
			name = Release;
		};
/* End XCBuildConfiguration section */

/* Begin XCConfigurationList section */
		A9234A0F1CDD9376008C163B /* Build configuration list for PBXProject "Treasure" */ = {
			isa = XCConfigurationList;
			buildConfigurations = (
				A9234A2C1CDD9376008C163B /* Debug */,
				A9234A2D1CDD9376008C163B /* Release */,
			);
			defaultConfigurationIsVisible = 0;
			defaultConfigurationName = Release;
		};
		A9234A2E1CDD9376008C163B /* Build configuration list for PBXNativeTarget "Treasure" */ = {
			isa = XCConfigurationList;
			buildConfigurations = (
				A9234A2F1CDD9376008C163B /* Debug */,
				A9234A301CDD9376008C163B /* Release */,
			);
			defaultConfigurationIsVisible = 0;
			defaultConfigurationName = Release;
		};
/* End XCConfigurationList section */

/* Begin XCVersionGroup section */
		A9234A231CDD9376008C163B /* Treasure.xcdatamodeld */ = {
			isa = XCVersionGroup;
			children = (
				A9234A241CDD9376008C163B /* Treasure.xcdatamodel */,
			);
			currentVersion = A9234A241CDD9376008C163B /* Treasure.xcdatamodel */;
			path = Treasure.xcdatamodeld;
			sourceTree = "<group>";
			versionGroupType = wrapper.xcdatamodel;
		};
/* End XCVersionGroup section */
	};
	rootObject = A9234A0C1CDD9376008C163B /* Project object */;
}
